// !$*UTF8*$!
{
	archiveVersion = 1;
	classes = {
	};
	objectVersion = 50;
	objects = {

/* Begin PBXBuildFile section */
		817BDE6A2355783E00D8033E /* MainMenuView.swift in Sources */ = {isa = PBXBuildFile; fileRef = 817BDE692355783E00D8033E /* MainMenuView.swift */; };
		817BDE6D23567EA800D8033E /* LevelSelectView.swift in Sources */ = {isa = PBXBuildFile; fileRef = 817BDE6C23567EA800D8033E /* LevelSelectView.swift */; };
		817BDE702356811C00D8033E /* LevelCell.swift in Sources */ = {isa = PBXBuildFile; fileRef = 817BDE6F2356811C00D8033E /* LevelCell.swift */; };
		817BDE742356864100D8033E /* CoordinatorProtocol.swift in Sources */ = {isa = PBXBuildFile; fileRef = 817BDE732356864100D8033E /* CoordinatorProtocol.swift */; };
		817BDE762356868D00D8033E /* MainCoordinator.swift in Sources */ = {isa = PBXBuildFile; fileRef = 817BDE752356868D00D8033E /* MainCoordinator.swift */; };
		817BDE7823568EF600D8033E /* MainMenuVCViewModel.swift in Sources */ = {isa = PBXBuildFile; fileRef = 817BDE7723568EF600D8033E /* MainMenuVCViewModel.swift */; };
		8186A2AF2351081B00AAF3B5 /* AppDelegate.swift in Sources */ = {isa = PBXBuildFile; fileRef = 8186A2AE2351081B00AAF3B5 /* AppDelegate.swift */; };
		8186A2B12351081B00AAF3B5 /* MainMenuViewController.swift in Sources */ = {isa = PBXBuildFile; fileRef = 8186A2B02351081B00AAF3B5 /* MainMenuViewController.swift */; };
		8186A2B42351081B00AAF3B5 /* Main.storyboard in Resources */ = {isa = PBXBuildFile; fileRef = 8186A2B22351081B00AAF3B5 /* Main.storyboard */; };
		8186A2B62351081D00AAF3B5 /* Assets.xcassets in Resources */ = {isa = PBXBuildFile; fileRef = 8186A2B52351081D00AAF3B5 /* Assets.xcassets */; };
		8186A2B92351081D00AAF3B5 /* LaunchScreen.storyboard in Resources */ = {isa = PBXBuildFile; fileRef = 8186A2B72351081D00AAF3B5 /* LaunchScreen.storyboard */; };
		8186A2C823515F4500AAF3B5 /* NetworkClient.swift in Sources */ = {isa = PBXBuildFile; fileRef = 8186A2C723515F4500AAF3B5 /* NetworkClient.swift */; };
		8186A2CA23515F7200AAF3B5 /* NetworkError.swift in Sources */ = {isa = PBXBuildFile; fileRef = 8186A2C923515F7200AAF3B5 /* NetworkError.swift */; };
		8186A2CC2351602400AAF3B5 /* HTTPUrlResponseApiError.swift in Sources */ = {isa = PBXBuildFile; fileRef = 8186A2CB2351602400AAF3B5 /* HTTPUrlResponseApiError.swift */; };
		8186A2CE2351605000AAF3B5 /* EndpointBuilder.swift in Sources */ = {isa = PBXBuildFile; fileRef = 8186A2CD2351605000AAF3B5 /* EndpointBuilder.swift */; };
		8186A2D023518E2900AAF3B5 /* DictionaryAPIClient.swift in Sources */ = {isa = PBXBuildFile; fileRef = 8186A2CF23518E2900AAF3B5 /* DictionaryAPIClient.swift */; };
		8186A2D323518FC200AAF3B5 /* DictionaryAPIModel.swift in Sources */ = {isa = PBXBuildFile; fileRef = 8186A2D223518FC200AAF3B5 /* DictionaryAPIModel.swift */; };
/* End PBXBuildFile section */

/* Begin PBXFileReference section */
		817BDE692355783E00D8033E /* MainMenuView.swift */ = {isa = PBXFileReference; lastKnownFileType = sourcecode.swift; path = MainMenuView.swift; sourceTree = "<group>"; };
		817BDE6C23567EA800D8033E /* LevelSelectView.swift */ = {isa = PBXFileReference; lastKnownFileType = sourcecode.swift; path = LevelSelectView.swift; sourceTree = "<group>"; };
		817BDE6F2356811C00D8033E /* LevelCell.swift */ = {isa = PBXFileReference; lastKnownFileType = sourcecode.swift; path = LevelCell.swift; sourceTree = "<group>"; };
		817BDE732356864100D8033E /* CoordinatorProtocol.swift */ = {isa = PBXFileReference; lastKnownFileType = sourcecode.swift; path = CoordinatorProtocol.swift; sourceTree = "<group>"; };
		817BDE752356868D00D8033E /* MainCoordinator.swift */ = {isa = PBXFileReference; lastKnownFileType = sourcecode.swift; path = MainCoordinator.swift; sourceTree = "<group>"; };
		817BDE7723568EF600D8033E /* MainMenuVCViewModel.swift */ = {isa = PBXFileReference; lastKnownFileType = sourcecode.swift; path = MainMenuVCViewModel.swift; sourceTree = "<group>"; };
		8186A2AB2351081B00AAF3B5 /* Reach-Hangman.app */ = {isa = PBXFileReference; explicitFileType = wrapper.application; includeInIndex = 0; path = "Reach-Hangman.app"; sourceTree = BUILT_PRODUCTS_DIR; };
		8186A2AE2351081B00AAF3B5 /* AppDelegate.swift */ = {isa = PBXFileReference; lastKnownFileType = sourcecode.swift; path = AppDelegate.swift; sourceTree = "<group>"; };
		8186A2B02351081B00AAF3B5 /* MainMenuViewController.swift */ = {isa = PBXFileReference; lastKnownFileType = sourcecode.swift; path = MainMenuViewController.swift; sourceTree = "<group>"; };
		8186A2B32351081B00AAF3B5 /* Base */ = {isa = PBXFileReference; lastKnownFileType = file.storyboard; name = Base; path = Base.lproj/Main.storyboard; sourceTree = "<group>"; };
		8186A2B52351081D00AAF3B5 /* Assets.xcassets */ = {isa = PBXFileReference; lastKnownFileType = folder.assetcatalog; path = Assets.xcassets; sourceTree = "<group>"; };
		8186A2B82351081D00AAF3B5 /* Base */ = {isa = PBXFileReference; lastKnownFileType = file.storyboard; name = Base; path = Base.lproj/LaunchScreen.storyboard; sourceTree = "<group>"; };
		8186A2BA2351081D00AAF3B5 /* Info.plist */ = {isa = PBXFileReference; lastKnownFileType = text.plist.xml; path = Info.plist; sourceTree = "<group>"; };
		8186A2C723515F4500AAF3B5 /* NetworkClient.swift */ = {isa = PBXFileReference; lastKnownFileType = sourcecode.swift; path = NetworkClient.swift; sourceTree = "<group>"; };
		8186A2C923515F7200AAF3B5 /* NetworkError.swift */ = {isa = PBXFileReference; lastKnownFileType = sourcecode.swift; path = NetworkError.swift; sourceTree = "<group>"; };
		8186A2CB2351602400AAF3B5 /* HTTPUrlResponseApiError.swift */ = {isa = PBXFileReference; lastKnownFileType = sourcecode.swift; path = HTTPUrlResponseApiError.swift; sourceTree = "<group>"; };
		8186A2CD2351605000AAF3B5 /* EndpointBuilder.swift */ = {isa = PBXFileReference; lastKnownFileType = sourcecode.swift; path = EndpointBuilder.swift; sourceTree = "<group>"; };
		8186A2CF23518E2900AAF3B5 /* DictionaryAPIClient.swift */ = {isa = PBXFileReference; lastKnownFileType = sourcecode.swift; path = DictionaryAPIClient.swift; sourceTree = "<group>"; };
		8186A2D223518FC200AAF3B5 /* DictionaryAPIModel.swift */ = {isa = PBXFileReference; lastKnownFileType = sourcecode.swift; path = DictionaryAPIModel.swift; sourceTree = "<group>"; };
/* End PBXFileReference section */

/* Begin PBXFrameworksBuildPhase section */
		8186A2A82351081B00AAF3B5 /* Frameworks */ = {
			isa = PBXFrameworksBuildPhase;
			buildActionMask = 2147483647;
			files = (
			);
			runOnlyForDeploymentPostprocessing = 0;
		};
/* End PBXFrameworksBuildPhase section */

/* Begin PBXGroup section */
		817BDE652355779A00D8033E /* Main Menu */ = {
			isa = PBXGroup;
			children = (
				817BDE6E2356810300D8033E /* Cells */,
				817BDE66235577B300D8033E /* View Models */,
				817BDE67235577C700D8033E /* Views */,
				817BDE68235577F900D8033E /* View Controller */,
			);
			path = "Main Menu";
			sourceTree = "<group>";
		};
		817BDE66235577B300D8033E /* View Models */ = {
			isa = PBXGroup;
			children = (
				817BDE7723568EF600D8033E /* MainMenuVCViewModel.swift */,
			);
			path = "View Models";
			sourceTree = "<group>";
		};
		817BDE67235577C700D8033E /* Views */ = {
			isa = PBXGroup;
			children = (
				817BDE692355783E00D8033E /* MainMenuView.swift */,
				817BDE6C23567EA800D8033E /* LevelSelectView.swift */,
			);
			path = Views;
			sourceTree = "<group>";
		};
		817BDE68235577F900D8033E /* View Controller */ = {
			isa = PBXGroup;
			children = (
				8186A2B02351081B00AAF3B5 /* MainMenuViewController.swift */,
			);
			path = "View Controller";
			sourceTree = "<group>";
		};
		817BDE6E2356810300D8033E /* Cells */ = {
			isa = PBXGroup;
			children = (
				817BDE6F2356811C00D8033E /* LevelCell.swift */,
			);
			path = Cells;
			sourceTree = "<group>";
		};
		817BDE712356860600D8033E /* Components */ = {
			isa = PBXGroup;
			children = (
				817BDE722356862B00D8033E /* Coordinator */,
			);
			path = Components;
			sourceTree = "<group>";
		};
		817BDE722356862B00D8033E /* Coordinator */ = {
			isa = PBXGroup;
			children = (
				817BDE732356864100D8033E /* CoordinatorProtocol.swift */,
				817BDE752356868D00D8033E /* MainCoordinator.swift */,
			);
			path = Coordinator;
			sourceTree = "<group>";
		};
		8186A2A22351081B00AAF3B5 = {
			isa = PBXGroup;
			children = (
				8186A2AD2351081B00AAF3B5 /* Reach-Hangman */,
				8186A2AC2351081B00AAF3B5 /* Products */,
			);
			sourceTree = "<group>";
		};
		8186A2AC2351081B00AAF3B5 /* Products */ = {
			isa = PBXGroup;
			children = (
				8186A2AB2351081B00AAF3B5 /* Reach-Hangman.app */,
			);
			name = Products;
			sourceTree = "<group>";
		};
		8186A2AD2351081B00AAF3B5 /* Reach-Hangman */ = {
			isa = PBXGroup;
			children = (
				817BDE652355779A00D8033E /* Main Menu */,
				817BDE712356860600D8033E /* Components */,
				8186A2D123518F6100AAF3B5 /* API Model */,
				8186A2C623515EA900AAF3B5 /* Networking */,
				8186A2AE2351081B00AAF3B5 /* AppDelegate.swift */,
				8186A2B22351081B00AAF3B5 /* Main.storyboard */,
				8186A2B52351081D00AAF3B5 /* Assets.xcassets */,
				8186A2B72351081D00AAF3B5 /* LaunchScreen.storyboard */,
				8186A2BA2351081D00AAF3B5 /* Info.plist */,
			);
			path = "Reach-Hangman";
			sourceTree = "<group>";
		};
		8186A2C623515EA900AAF3B5 /* Networking */ = {
			isa = PBXGroup;
			children = (
				8186A2CF23518E2900AAF3B5 /* DictionaryAPIClient.swift */,
				8186A2CD2351605000AAF3B5 /* EndpointBuilder.swift */,
				8186A2C723515F4500AAF3B5 /* NetworkClient.swift */,
				8186A2C923515F7200AAF3B5 /* NetworkError.swift */,
				8186A2CB2351602400AAF3B5 /* HTTPUrlResponseApiError.swift */,
			);
			path = Networking;
			sourceTree = "<group>";
		};
		8186A2D123518F6100AAF3B5 /* API Model */ = {
			isa = PBXGroup;
			children = (
				8186A2D223518FC200AAF3B5 /* DictionaryAPIModel.swift */,
			);
			path = "API Model";
			sourceTree = "<group>";
		};
/* End PBXGroup section */

/* Begin PBXNativeTarget section */
		8186A2AA2351081B00AAF3B5 /* Reach-Hangman */ = {
			isa = PBXNativeTarget;
			buildConfigurationList = 8186A2BD2351081D00AAF3B5 /* Build configuration list for PBXNativeTarget "Reach-Hangman" */;
			buildPhases = (
				8186A2A72351081B00AAF3B5 /* Sources */,
				8186A2A82351081B00AAF3B5 /* Frameworks */,
				8186A2A92351081B00AAF3B5 /* Resources */,
			);
			buildRules = (
			);
			dependencies = (
			);
			name = "Reach-Hangman";
			productName = "Reach-Hangman";
			productReference = 8186A2AB2351081B00AAF3B5 /* Reach-Hangman.app */;
			productType = "com.apple.product-type.application";
		};
/* End PBXNativeTarget section */

/* Begin PBXProject section */
		8186A2A32351081B00AAF3B5 /* Project object */ = {
			isa = PBXProject;
			attributes = {
				LastSwiftUpdateCheck = 1030;
				LastUpgradeCheck = 1030;
				ORGANIZATIONNAME = "Vikash Hart";
				TargetAttributes = {
					8186A2AA2351081B00AAF3B5 = {
						CreatedOnToolsVersion = 10.3;
					};
				};
			};
			buildConfigurationList = 8186A2A62351081B00AAF3B5 /* Build configuration list for PBXProject "Reach-Hangman" */;
			compatibilityVersion = "Xcode 9.3";
			developmentRegion = en;
			hasScannedForEncodings = 0;
			knownRegions = (
				en,
				Base,
			);
			mainGroup = 8186A2A22351081B00AAF3B5;
			productRefGroup = 8186A2AC2351081B00AAF3B5 /* Products */;
			projectDirPath = "";
			projectRoot = "";
			targets = (
				8186A2AA2351081B00AAF3B5 /* Reach-Hangman */,
			);
		};
/* End PBXProject section */

/* Begin PBXResourcesBuildPhase section */
		8186A2A92351081B00AAF3B5 /* Resources */ = {
			isa = PBXResourcesBuildPhase;
			buildActionMask = 2147483647;
			files = (
				8186A2B92351081D00AAF3B5 /* LaunchScreen.storyboard in Resources */,
				8186A2B62351081D00AAF3B5 /* Assets.xcassets in Resources */,
				8186A2B42351081B00AAF3B5 /* Main.storyboard in Resources */,
			);
			runOnlyForDeploymentPostprocessing = 0;
		};
/* End PBXResourcesBuildPhase section */

/* Begin PBXSourcesBuildPhase section */
		8186A2A72351081B00AAF3B5 /* Sources */ = {
			isa = PBXSourcesBuildPhase;
			buildActionMask = 2147483647;
			files = (
				8186A2CE2351605000AAF3B5 /* EndpointBuilder.swift in Sources */,
				8186A2B12351081B00AAF3B5 /* MainMenuViewController.swift in Sources */,
				8186A2CC2351602400AAF3B5 /* HTTPUrlResponseApiError.swift in Sources */,
				817BDE702356811C00D8033E /* LevelCell.swift in Sources */,
				817BDE6A2355783E00D8033E /* MainMenuView.swift in Sources */,
				8186A2D023518E2900AAF3B5 /* DictionaryAPIClient.swift in Sources */,
				817BDE6D23567EA800D8033E /* LevelSelectView.swift in Sources */,
				817BDE7823568EF600D8033E /* MainMenuVCViewModel.swift in Sources */,
				8186A2D323518FC200AAF3B5 /* DictionaryAPIModel.swift in Sources */,
				817BDE742356864100D8033E /* CoordinatorProtocol.swift in Sources */,
				8186A2CA23515F7200AAF3B5 /* NetworkError.swift in Sources */,
				817BDE762356868D00D8033E /* MainCoordinator.swift in Sources */,
				8186A2AF2351081B00AAF3B5 /* AppDelegate.swift in Sources */,
				8186A2C823515F4500AAF3B5 /* NetworkClient.swift in Sources */,
			);
			runOnlyForDeploymentPostprocessing = 0;
		};
/* End PBXSourcesBuildPhase section */

/* Begin PBXVariantGroup section */
		8186A2B22351081B00AAF3B5 /* Main.storyboard */ = {
			isa = PBXVariantGroup;
			children = (
				8186A2B32351081B00AAF3B5 /* Base */,
			);
			name = Main.storyboard;
			sourceTree = "<group>";
		};
		8186A2B72351081D00AAF3B5 /* LaunchScreen.storyboard */ = {
			isa = PBXVariantGroup;
			children = (
				8186A2B82351081D00AAF3B5 /* Base */,
			);
			name = LaunchScreen.storyboard;
			sourceTree = "<group>";
		};
/* End PBXVariantGroup section */

/* Begin XCBuildConfiguration section */
		8186A2BB2351081D00AAF3B5 /* Debug */ = {
			isa = XCBuildConfiguration;
			buildSettings = {
				ALWAYS_SEARCH_USER_PATHS = NO;
				CLANG_ANALYZER_NONNULL = YES;
				CLANG_ANALYZER_NUMBER_OBJECT_CONVERSION = YES_AGGRESSIVE;
				CLANG_CXX_LANGUAGE_STANDARD = "gnu++14";
				CLANG_CXX_LIBRARY = "libc++";
				CLANG_ENABLE_MODULES = YES;
				CLANG_ENABLE_OBJC_ARC = YES;
				CLANG_ENABLE_OBJC_WEAK = YES;
				CLANG_WARN_BLOCK_CAPTURE_AUTORELEASING = YES;
				CLANG_WARN_BOOL_CONVERSION = YES;
				CLANG_WARN_COMMA = YES;
				CLANG_WARN_CONSTANT_CONVERSION = YES;
				CLANG_WARN_DEPRECATED_OBJC_IMPLEMENTATIONS = YES;
				CLANG_WARN_DIRECT_OBJC_ISA_USAGE = YES_ERROR;
				CLANG_WARN_DOCUMENTATION_COMMENTS = YES;
				CLANG_WARN_EMPTY_BODY = YES;
				CLANG_WARN_ENUM_CONVERSION = YES;
				CLANG_WARN_INFINITE_RECURSION = YES;
				CLANG_WARN_INT_CONVERSION = YES;
				CLANG_WARN_NON_LITERAL_NULL_CONVERSION = YES;
				CLANG_WARN_OBJC_IMPLICIT_RETAIN_SELF = YES;
				CLANG_WARN_OBJC_LITERAL_CONVERSION = YES;
				CLANG_WARN_OBJC_ROOT_CLASS = YES_ERROR;
				CLANG_WARN_RANGE_LOOP_ANALYSIS = YES;
				CLANG_WARN_STRICT_PROTOTYPES = YES;
				CLANG_WARN_SUSPICIOUS_MOVE = YES;
				CLANG_WARN_UNGUARDED_AVAILABILITY = YES_AGGRESSIVE;
				CLANG_WARN_UNREACHABLE_CODE = YES;
				CLANG_WARN__DUPLICATE_METHOD_MATCH = YES;
				CODE_SIGN_IDENTITY = "iPhone Developer";
				COPY_PHASE_STRIP = NO;
				DEBUG_INFORMATION_FORMAT = dwarf;
				ENABLE_STRICT_OBJC_MSGSEND = YES;
				ENABLE_TESTABILITY = YES;
				GCC_C_LANGUAGE_STANDARD = gnu11;
				GCC_DYNAMIC_NO_PIC = NO;
				GCC_NO_COMMON_BLOCKS = YES;
				GCC_OPTIMIZATION_LEVEL = 0;
				GCC_PREPROCESSOR_DEFINITIONS = (
					"DEBUG=1",
					"$(inherited)",
				);
				GCC_WARN_64_TO_32_BIT_CONVERSION = YES;
				GCC_WARN_ABOUT_RETURN_TYPE = YES_ERROR;
				GCC_WARN_UNDECLARED_SELECTOR = YES;
				GCC_WARN_UNINITIALIZED_AUTOS = YES_AGGRESSIVE;
				GCC_WARN_UNUSED_FUNCTION = YES;
				GCC_WARN_UNUSED_VARIABLE = YES;
				IPHONEOS_DEPLOYMENT_TARGET = 12.4;
				MTL_ENABLE_DEBUG_INFO = INCLUDE_SOURCE;
				MTL_FAST_MATH = YES;
				ONLY_ACTIVE_ARCH = YES;
				SDKROOT = iphoneos;
				SWIFT_ACTIVE_COMPILATION_CONDITIONS = DEBUG;
				SWIFT_OPTIMIZATION_LEVEL = "-Onone";
			};
			name = Debug;
		};
		8186A2BC2351081D00AAF3B5 /* Release */ = {
			isa = XCBuildConfiguration;
			buildSettings = {
				ALWAYS_SEARCH_USER_PATHS = NO;
				CLANG_ANALYZER_NONNULL = YES;
				CLANG_ANALYZER_NUMBER_OBJECT_CONVERSION = YES_AGGRESSIVE;
				CLANG_CXX_LANGUAGE_STANDARD = "gnu++14";
				CLANG_CXX_LIBRARY = "libc++";
				CLANG_ENABLE_MODULES = YES;
				CLANG_ENABLE_OBJC_ARC = YES;
				CLANG_ENABLE_OBJC_WEAK = YES;
				CLANG_WARN_BLOCK_CAPTURE_AUTORELEASING = YES;
				CLANG_WARN_BOOL_CONVERSION = YES;
				CLANG_WARN_COMMA = YES;
				CLANG_WARN_CONSTANT_CONVERSION = YES;
				CLANG_WARN_DEPRECATED_OBJC_IMPLEMENTATIONS = YES;
				CLANG_WARN_DIRECT_OBJC_ISA_USAGE = YES_ERROR;
				CLANG_WARN_DOCUMENTATION_COMMENTS = YES;
				CLANG_WARN_EMPTY_BODY = YES;
				CLANG_WARN_ENUM_CONVERSION = YES;
				CLANG_WARN_INFINITE_RECURSION = YES;
				CLANG_WARN_INT_CONVERSION = YES;
				CLANG_WARN_NON_LITERAL_NULL_CONVERSION = YES;
				CLANG_WARN_OBJC_IMPLICIT_RETAIN_SELF = YES;
				CLANG_WARN_OBJC_LITERAL_CONVERSION = YES;
				CLANG_WARN_OBJC_ROOT_CLASS = YES_ERROR;
				CLANG_WARN_RANGE_LOOP_ANALYSIS = YES;
				CLANG_WARN_STRICT_PROTOTYPES = YES;
				CLANG_WARN_SUSPICIOUS_MOVE = YES;
				CLANG_WARN_UNGUARDED_AVAILABILITY = YES_AGGRESSIVE;
				CLANG_WARN_UNREACHABLE_CODE = YES;
				CLANG_WARN__DUPLICATE_METHOD_MATCH = YES;
				CODE_SIGN_IDENTITY = "iPhone Developer";
				COPY_PHASE_STRIP = NO;
				DEBUG_INFORMATION_FORMAT = "dwarf-with-dsym";
				ENABLE_NS_ASSERTIONS = NO;
				ENABLE_STRICT_OBJC_MSGSEND = YES;
				GCC_C_LANGUAGE_STANDARD = gnu11;
				GCC_NO_COMMON_BLOCKS = YES;
				GCC_WARN_64_TO_32_BIT_CONVERSION = YES;
				GCC_WARN_ABOUT_RETURN_TYPE = YES_ERROR;
				GCC_WARN_UNDECLARED_SELECTOR = YES;
				GCC_WARN_UNINITIALIZED_AUTOS = YES_AGGRESSIVE;
				GCC_WARN_UNUSED_FUNCTION = YES;
				GCC_WARN_UNUSED_VARIABLE = YES;
				IPHONEOS_DEPLOYMENT_TARGET = 12.4;
				MTL_ENABLE_DEBUG_INFO = NO;
				MTL_FAST_MATH = YES;
				SDKROOT = iphoneos;
				SWIFT_COMPILATION_MODE = wholemodule;
				SWIFT_OPTIMIZATION_LEVEL = "-O";
				VALIDATE_PRODUCT = YES;
			};
			name = Release;
		};
		8186A2BE2351081D00AAF3B5 /* Debug */ = {
			isa = XCBuildConfiguration;
			buildSettings = {
				ASSETCATALOG_COMPILER_APPICON_NAME = AppIcon;
				CODE_SIGN_STYLE = Automatic;
				DEVELOPMENT_TEAM = 63X7US2LVV;
				INFOPLIST_FILE = "Reach-Hangman/Info.plist";
				LD_RUNPATH_SEARCH_PATHS = (
					"$(inherited)",
					"@executable_path/Frameworks",
				);
				PRODUCT_BUNDLE_IDENTIFIER = "Vikash-Hart.Reach-Hangman";
				PRODUCT_NAME = "$(TARGET_NAME)";
				SWIFT_VERSION = 5.0;
				TARGETED_DEVICE_FAMILY = "1,2";
			};
			name = Debug;
		};
		8186A2BF2351081D00AAF3B5 /* Release */ = {
			isa = XCBuildConfiguration;
			buildSettings = {
				ASSETCATALOG_COMPILER_APPICON_NAME = AppIcon;
				CODE_SIGN_STYLE = Automatic;
				DEVELOPMENT_TEAM = 63X7US2LVV;
				INFOPLIST_FILE = "Reach-Hangman/Info.plist";
				LD_RUNPATH_SEARCH_PATHS = (
					"$(inherited)",
					"@executable_path/Frameworks",
				);
				PRODUCT_BUNDLE_IDENTIFIER = "Vikash-Hart.Reach-Hangman";
				PRODUCT_NAME = "$(TARGET_NAME)";
				SWIFT_VERSION = 5.0;
				TARGETED_DEVICE_FAMILY = "1,2";
			};
			name = Release;
		};
/* End XCBuildConfiguration section */

/* Begin XCConfigurationList section */
		8186A2A62351081B00AAF3B5 /* Build configuration list for PBXProject "Reach-Hangman" */ = {
			isa = XCConfigurationList;
			buildConfigurations = (
				8186A2BB2351081D00AAF3B5 /* Debug */,
				8186A2BC2351081D00AAF3B5 /* Release */,
			);
			defaultConfigurationIsVisible = 0;
			defaultConfigurationName = Release;
		};
		8186A2BD2351081D00AAF3B5 /* Build configuration list for PBXNativeTarget "Reach-Hangman" */ = {
			isa = XCConfigurationList;
			buildConfigurations = (
				8186A2BE2351081D00AAF3B5 /* Debug */,
				8186A2BF2351081D00AAF3B5 /* Release */,
			);
			defaultConfigurationIsVisible = 0;
			defaultConfigurationName = Release;
		};
/* End XCConfigurationList section */
	};
	rootObject = 8186A2A32351081B00AAF3B5 /* Project object */;
}
